// !$*UTF8*$!
{
	archiveVersion = 1;
	classes = {
	};
	objectVersion = 56;
	objects = {

/* Begin PBXBuildFile section */
		2E800B3A2BD820FF003A7643 /* HexaGoneApp.swift in Sources */ = {isa = PBXBuildFile; fileRef = 2E800B392BD820FF003A7643 /* HexaGoneApp.swift */; };
		2E800B3C2BD820FF003A7643 /* ContentView.swift in Sources */ = {isa = PBXBuildFile; fileRef = 2E800B3B2BD820FF003A7643 /* ContentView.swift */; };
		2E800B3E2BD82100003A7643 /* Assets.xcassets in Resources */ = {isa = PBXBuildFile; fileRef = 2E800B3D2BD82100003A7643 /* Assets.xcassets */; };
		2E800B412BD82100003A7643 /* Preview Assets.xcassets in Resources */ = {isa = PBXBuildFile; fileRef = 2E800B402BD82100003A7643 /* Preview Assets.xcassets */; };
		2E800B482BD82854003A7643 /* GameView.swift in Sources */ = {isa = PBXBuildFile; fileRef = 2E800B472BD82854003A7643 /* GameView.swift */; };
		2E800B4A2BD82C7A003A7643 /* HexBoardView.swift in Sources */ = {isa = PBXBuildFile; fileRef = 2E800B492BD82C7A003A7643 /* HexBoardView.swift */; };
		2E800B702BD95BE6003A7643 /* tile_4.png in Resources */ = {isa = PBXBuildFile; fileRef = 2E800B642BD95BE6003A7643 /* tile_4.png */; };
		2E800B712BD95BE6003A7643 /* tile_3.png in Resources */ = {isa = PBXBuildFile; fileRef = 2E800B652BD95BE6003A7643 /* tile_3.png */; };
		2E800B722BD95BE6003A7643 /* wooden-hexagon-tiles.png in Resources */ = {isa = PBXBuildFile; fileRef = 2E800B662BD95BE6003A7643 /* wooden-hexagon-tiles.png */; };
		2E800B732BD95BE6003A7643 /* tile_2.png in Resources */ = {isa = PBXBuildFile; fileRef = 2E800B672BD95BE6003A7643 /* tile_2.png */; };
		2E800B742BD95BE6003A7643 /* num_1.png in Resources */ = {isa = PBXBuildFile; fileRef = 2E800B682BD95BE6003A7643 /* num_1.png */; };
		2E800B752BD95BE6003A7643 /* num_3.png in Resources */ = {isa = PBXBuildFile; fileRef = 2E800B692BD95BE6003A7643 /* num_3.png */; };
		2E800B762BD95BE6003A7643 /* num_2.png in Resources */ = {isa = PBXBuildFile; fileRef = 2E800B6A2BD95BE6003A7643 /* num_2.png */; };
		2E800B772BD95BE6003A7643 /* num_4.png in Resources */ = {isa = PBXBuildFile; fileRef = 2E800B6B2BD95BE6003A7643 /* num_4.png */; };
		2E800B782BD95BE6003A7643 /* minesweeper_tiles.png in Resources */ = {isa = PBXBuildFile; fileRef = 2E800B6C2BD95BE6003A7643 /* minesweeper_tiles.png */; };
		2E800B792BD95BE6003A7643 /* tile_1.png in Resources */ = {isa = PBXBuildFile; fileRef = 2E800B6D2BD95BE6003A7643 /* tile_1.png */; };
		2E800B7A2BD95BE6003A7643 /* num_5.png in Resources */ = {isa = PBXBuildFile; fileRef = 2E800B6E2BD95BE6003A7643 /* num_5.png */; };
		2E800B7B2BD95BE6003A7643 /* num_6.png in Resources */ = {isa = PBXBuildFile; fileRef = 2E800B6F2BD95BE6003A7643 /* num_6.png */; };
/* End PBXBuildFile section */

/* Begin PBXFileReference section */
		2E800B362BD820FF003A7643 /* HexaGone.app */ = {isa = PBXFileReference; explicitFileType = wrapper.application; includeInIndex = 0; path = HexaGone.app; sourceTree = BUILT_PRODUCTS_DIR; };
		2E800B392BD820FF003A7643 /* HexaGoneApp.swift */ = {isa = PBXFileReference; lastKnownFileType = sourcecode.swift; path = HexaGoneApp.swift; sourceTree = "<group>"; };
		2E800B3B2BD820FF003A7643 /* ContentView.swift */ = {isa = PBXFileReference; lastKnownFileType = sourcecode.swift; path = ContentView.swift; sourceTree = "<group>"; };
		2E800B3D2BD82100003A7643 /* Assets.xcassets */ = {isa = PBXFileReference; lastKnownFileType = folder.assetcatalog; path = Assets.xcassets; sourceTree = "<group>"; };
		2E800B402BD82100003A7643 /* Preview Assets.xcassets */ = {isa = PBXFileReference; lastKnownFileType = folder.assetcatalog; path = "Preview Assets.xcassets"; sourceTree = "<group>"; };
		2E800B472BD82854003A7643 /* GameView.swift */ = {isa = PBXFileReference; lastKnownFileType = sourcecode.swift; path = GameView.swift; sourceTree = "<group>"; };
		2E800B492BD82C7A003A7643 /* HexBoardView.swift */ = {isa = PBXFileReference; lastKnownFileType = sourcecode.swift; path = HexBoardView.swift; sourceTree = "<group>"; };
		2E800B642BD95BE6003A7643 /* tile_4.png */ = {isa = PBXFileReference; lastKnownFileType = image.png; path = tile_4.png; sourceTree = "<group>"; };
		2E800B652BD95BE6003A7643 /* tile_3.png */ = {isa = PBXFileReference; lastKnownFileType = image.png; path = tile_3.png; sourceTree = "<group>"; };
		2E800B662BD95BE6003A7643 /* wooden-hexagon-tiles.png */ = {isa = PBXFileReference; lastKnownFileType = image.png; path = "wooden-hexagon-tiles.png"; sourceTree = "<group>"; };
		2E800B672BD95BE6003A7643 /* tile_2.png */ = {isa = PBXFileReference; lastKnownFileType = image.png; path = tile_2.png; sourceTree = "<group>"; };
		2E800B682BD95BE6003A7643 /* num_1.png */ = {isa = PBXFileReference; lastKnownFileType = image.png; path = num_1.png; sourceTree = "<group>"; };
		2E800B692BD95BE6003A7643 /* num_3.png */ = {isa = PBXFileReference; lastKnownFileType = image.png; path = num_3.png; sourceTree = "<group>"; };
		2E800B6A2BD95BE6003A7643 /* num_2.png */ = {isa = PBXFileReference; lastKnownFileType = image.png; path = num_2.png; sourceTree = "<group>"; };
		2E800B6B2BD95BE6003A7643 /* num_4.png */ = {isa = PBXFileReference; lastKnownFileType = image.png; path = num_4.png; sourceTree = "<group>"; };
		2E800B6C2BD95BE6003A7643 /* minesweeper_tiles.png */ = {isa = PBXFileReference; lastKnownFileType = image.png; path = minesweeper_tiles.png; sourceTree = "<group>"; };
		2E800B6D2BD95BE6003A7643 /* tile_1.png */ = {isa = PBXFileReference; lastKnownFileType = image.png; path = tile_1.png; sourceTree = "<group>"; };
		2E800B6E2BD95BE6003A7643 /* num_5.png */ = {isa = PBXFileReference; lastKnownFileType = image.png; path = num_5.png; sourceTree = "<group>"; };
		2E800B6F2BD95BE6003A7643 /* num_6.png */ = {isa = PBXFileReference; lastKnownFileType = image.png; path = num_6.png; sourceTree = "<group>"; };
/* End PBXFileReference section */

/* Begin PBXFrameworksBuildPhase section */
		2E800B332BD820FF003A7643 /* Frameworks */ = {
			isa = PBXFrameworksBuildPhase;
			buildActionMask = 2147483647;
			files = (
			);
			runOnlyForDeploymentPostprocessing = 0;
		};
/* End PBXFrameworksBuildPhase section */

/* Begin PBXGroup section */
		2E800B2D2BD820FF003A7643 = {
			isa = PBXGroup;
			children = (
				2E800B382BD820FF003A7643 /* HexaGone */,
				2E800B372BD820FF003A7643 /* Products */,
			);
			sourceTree = "<group>";
		};
		2E800B372BD820FF003A7643 /* Products */ = {
			isa = PBXGroup;
			children = (
				2E800B362BD820FF003A7643 /* HexaGone.app */,
			);
			name = Products;
			sourceTree = "<group>";
		};
		2E800B382BD820FF003A7643 /* HexaGone */ = {
			isa = PBXGroup;
			children = (
				2E800B4B2BD95B46003A7643 /* Images */,
				2E800B392BD820FF003A7643 /* HexaGoneApp.swift */,
				2E800B3B2BD820FF003A7643 /* ContentView.swift */,
				2E800B472BD82854003A7643 /* GameView.swift */,
				2E800B3D2BD82100003A7643 /* Assets.xcassets */,
				2E800B3F2BD82100003A7643 /* Preview Content */,
				2E800B492BD82C7A003A7643 /* HexBoardView.swift */,
			);
			path = HexaGone;
			sourceTree = "<group>";
		};
		2E800B3F2BD82100003A7643 /* Preview Content */ = {
			isa = PBXGroup;
			children = (
				2E800B402BD82100003A7643 /* Preview Assets.xcassets */,
			);
			path = "Preview Content";
			sourceTree = "<group>";
		};
		2E800B4B2BD95B46003A7643 /* Images */ = {
			isa = PBXGroup;
			children = (
				2E800B6C2BD95BE6003A7643 /* minesweeper_tiles.png */,
				2E800B682BD95BE6003A7643 /* num_1.png */,
				2E800B6A2BD95BE6003A7643 /* num_2.png */,
				2E800B692BD95BE6003A7643 /* num_3.png */,
				2E800B6B2BD95BE6003A7643 /* num_4.png */,
				2E800B6E2BD95BE6003A7643 /* num_5.png */,
				2E800B6F2BD95BE6003A7643 /* num_6.png */,
				2E800B6D2BD95BE6003A7643 /* tile_1.png */,
				2E800B672BD95BE6003A7643 /* tile_2.png */,
				2E800B652BD95BE6003A7643 /* tile_3.png */,
				2E800B642BD95BE6003A7643 /* tile_4.png */,
				2E800B662BD95BE6003A7643 /* wooden-hexagon-tiles.png */,
			);
			path = Images;
			sourceTree = "<group>";
		};
/* End PBXGroup section */

/* Begin PBXNativeTarget section */
		2E800B352BD820FF003A7643 /* HexaGone */ = {
			isa = PBXNativeTarget;
			buildConfigurationList = 2E800B442BD82100003A7643 /* Build configuration list for PBXNativeTarget "HexaGone" */;
			buildPhases = (
				2E800B322BD820FF003A7643 /* Sources */,
				2E800B332BD820FF003A7643 /* Frameworks */,
				2E800B342BD820FF003A7643 /* Resources */,
			);
			buildRules = (
			);
			dependencies = (
			);
			name = HexaGone;
			productName = HexaGone;
			productReference = 2E800B362BD820FF003A7643 /* HexaGone.app */;
			productType = "com.apple.product-type.application";
		};
/* End PBXNativeTarget section */

/* Begin PBXProject section */
		2E800B2E2BD820FF003A7643 /* Project object */ = {
			isa = PBXProject;
			attributes = {
				BuildIndependentTargetsInParallel = 1;
				LastSwiftUpdateCheck = 1530;
				LastUpgradeCheck = 1530;
				TargetAttributes = {
					2E800B352BD820FF003A7643 = {
						CreatedOnToolsVersion = 15.3;
					};
				};
			};
			buildConfigurationList = 2E800B312BD820FF003A7643 /* Build configuration list for PBXProject "HexaGone" */;
			compatibilityVersion = "Xcode 14.0";
			developmentRegion = en;
			hasScannedForEncodings = 0;
			knownRegions = (
				en,
				Base,
			);
			mainGroup = 2E800B2D2BD820FF003A7643;
			productRefGroup = 2E800B372BD820FF003A7643 /* Products */;
			projectDirPath = "";
			projectRoot = "";
			targets = (
				2E800B352BD820FF003A7643 /* HexaGone */,
			);
		};
/* End PBXProject section */

/* Begin PBXResourcesBuildPhase section */
		2E800B342BD820FF003A7643 /* Resources */ = {
			isa = PBXResourcesBuildPhase;
			buildActionMask = 2147483647;
			files = (
				2E800B762BD95BE6003A7643 /* num_2.png in Resources */,
				2E800B772BD95BE6003A7643 /* num_4.png in Resources */,
				2E800B732BD95BE6003A7643 /* tile_2.png in Resources */,
				2E800B412BD82100003A7643 /* Preview Assets.xcassets in Resources */,
				2E800B712BD95BE6003A7643 /* tile_3.png in Resources */,
				2E800B742BD95BE6003A7643 /* num_1.png in Resources */,
				2E800B722BD95BE6003A7643 /* wooden-hexagon-tiles.png in Resources */,
				2E800B7A2BD95BE6003A7643 /* num_5.png in Resources */,
				2E800B792BD95BE6003A7643 /* tile_1.png in Resources */,
				2E800B7B2BD95BE6003A7643 /* num_6.png in Resources */,
				2E800B702BD95BE6003A7643 /* tile_4.png in Resources */,
				2E800B752BD95BE6003A7643 /* num_3.png in Resources */,
				2E800B782BD95BE6003A7643 /* minesweeper_tiles.png in Resources */,
				2E800B3E2BD82100003A7643 /* Assets.xcassets in Resources */,
			);
			runOnlyForDeploymentPostprocessing = 0;
		};
/* End PBXResourcesBuildPhase section */

/* Begin PBXSourcesBuildPhase section */
		2E800B322BD820FF003A7643 /* Sources */ = {
			isa = PBXSourcesBuildPhase;
			buildActionMask = 2147483647;
			files = (
				2E800B3C2BD820FF003A7643 /* ContentView.swift in Sources */,
				2E800B4A2BD82C7A003A7643 /* HexBoardView.swift in Sources */,
				2E800B482BD82854003A7643 /* GameView.swift in Sources */,
				2E800B3A2BD820FF003A7643 /* HexaGoneApp.swift in Sources */,
			);
			runOnlyForDeploymentPostprocessing = 0;
		};
/* End PBXSourcesBuildPhase section */

/* Begin XCBuildConfiguration section */
		2E800B422BD82100003A7643 /* Debug */ = {
			isa = XCBuildConfiguration;
			buildSettings = {
				ALWAYS_SEARCH_USER_PATHS = NO;
				ASSETCATALOG_COMPILER_GENERATE_SWIFT_ASSET_SYMBOL_EXTENSIONS = YES;
				CLANG_ANALYZER_NONNULL = YES;
				CLANG_ANALYZER_NUMBER_OBJECT_CONVERSION = YES_AGGRESSIVE;
				CLANG_CXX_LANGUAGE_STANDARD = "gnu++20";
				CLANG_ENABLE_MODULES = YES;
				CLANG_ENABLE_OBJC_ARC = YES;
				CLANG_ENABLE_OBJC_WEAK = YES;
				CLANG_WARN_BLOCK_CAPTURE_AUTORELEASING = YES;
				CLANG_WARN_BOOL_CONVERSION = YES;
				CLANG_WARN_COMMA = YES;
				CLANG_WARN_CONSTANT_CONVERSION = YES;
				CLANG_WARN_DEPRECATED_OBJC_IMPLEMENTATIONS = YES;
				CLANG_WARN_DIRECT_OBJC_ISA_USAGE = YES_ERROR;
				CLANG_WARN_DOCUMENTATION_COMMENTS = YES;
				CLANG_WARN_EMPTY_BODY = YES;
				CLANG_WARN_ENUM_CONVERSION = YES;
				CLANG_WARN_INFINITE_RECURSION = YES;
				CLANG_WARN_INT_CONVERSION = YES;
				CLANG_WARN_NON_LITERAL_NULL_CONVERSION = YES;
				CLANG_WARN_OBJC_IMPLICIT_RETAIN_SELF = YES;
				CLANG_WARN_OBJC_LITERAL_CONVERSION = YES;
				CLANG_WARN_OBJC_ROOT_CLASS = YES_ERROR;
				CLANG_WARN_QUOTED_INCLUDE_IN_FRAMEWORK_HEADER = YES;
				CLANG_WARN_RANGE_LOOP_ANALYSIS = YES;
				CLANG_WARN_STRICT_PROTOTYPES = YES;
				CLANG_WARN_SUSPICIOUS_MOVE = YES;
				CLANG_WARN_UNGUARDED_AVAILABILITY = YES_AGGRESSIVE;
				CLANG_WARN_UNREACHABLE_CODE = YES;
				CLANG_WARN__DUPLICATE_METHOD_MATCH = YES;
				COPY_PHASE_STRIP = NO;
				DEBUG_INFORMATION_FORMAT = dwarf;
				ENABLE_STRICT_OBJC_MSGSEND = YES;
				ENABLE_TESTABILITY = YES;
				ENABLE_USER_SCRIPT_SANDBOXING = YES;
				GCC_C_LANGUAGE_STANDARD = gnu17;
				GCC_DYNAMIC_NO_PIC = NO;
				GCC_NO_COMMON_BLOCKS = YES;
				GCC_OPTIMIZATION_LEVEL = 0;
				GCC_PREPROCESSOR_DEFINITIONS = (
					"DEBUG=1",
					"$(inherited)",
				);
				GCC_WARN_64_TO_32_BIT_CONVERSION = YES;
				GCC_WARN_ABOUT_RETURN_TYPE = YES_ERROR;
				GCC_WARN_UNDECLARED_SELECTOR = YES;
				GCC_WARN_UNINITIALIZED_AUTOS = YES_AGGRESSIVE;
				GCC_WARN_UNUSED_FUNCTION = YES;
				GCC_WARN_UNUSED_VARIABLE = YES;
				IPHONEOS_DEPLOYMENT_TARGET = 17.4;
				LOCALIZATION_PREFERS_STRING_CATALOGS = YES;
				MTL_ENABLE_DEBUG_INFO = INCLUDE_SOURCE;
				MTL_FAST_MATH = YES;
				ONLY_ACTIVE_ARCH = YES;
				SDKROOT = iphoneos;
				SWIFT_ACTIVE_COMPILATION_CONDITIONS = "DEBUG $(inherited)";
				SWIFT_OPTIMIZATION_LEVEL = "-Onone";
			};
			name = Debug;
		};
		2E800B432BD82100003A7643 /* Release */ = {
			isa = XCBuildConfiguration;
			buildSettings = {
				ALWAYS_SEARCH_USER_PATHS = NO;
				ASSETCATALOG_COMPILER_GENERATE_SWIFT_ASSET_SYMBOL_EXTENSIONS = YES;
				CLANG_ANALYZER_NONNULL = YES;
				CLANG_ANALYZER_NUMBER_OBJECT_CONVERSION = YES_AGGRESSIVE;
				CLANG_CXX_LANGUAGE_STANDARD = "gnu++20";
				CLANG_ENABLE_MODULES = YES;
				CLANG_ENABLE_OBJC_ARC = YES;
				CLANG_ENABLE_OBJC_WEAK = YES;
				CLANG_WARN_BLOCK_CAPTURE_AUTORELEASING = YES;
				CLANG_WARN_BOOL_CONVERSION = YES;
				CLANG_WARN_COMMA = YES;
				CLANG_WARN_CONSTANT_CONVERSION = YES;
				CLANG_WARN_DEPRECATED_OBJC_IMPLEMENTATIONS = YES;
				CLANG_WARN_DIRECT_OBJC_ISA_USAGE = YES_ERROR;
				CLANG_WARN_DOCUMENTATION_COMMENTS = YES;
				CLANG_WARN_EMPTY_BODY = YES;
				CLANG_WARN_ENUM_CONVERSION = YES;
				CLANG_WARN_INFINITE_RECURSION = YES;
				CLANG_WARN_INT_CONVERSION = YES;
				CLANG_WARN_NON_LITERAL_NULL_CONVERSION = YES;
				CLANG_WARN_OBJC_IMPLICIT_RETAIN_SELF = YES;
				CLANG_WARN_OBJC_LITERAL_CONVERSION = YES;
				CLANG_WARN_OBJC_ROOT_CLASS = YES_ERROR;
				CLANG_WARN_QUOTED_INCLUDE_IN_FRAMEWORK_HEADER = YES;
				CLANG_WARN_RANGE_LOOP_ANALYSIS = YES;
				CLANG_WARN_STRICT_PROTOTYPES = YES;
				CLANG_WARN_SUSPICIOUS_MOVE = YES;
				CLANG_WARN_UNGUARDED_AVAILABILITY = YES_AGGRESSIVE;
				CLANG_WARN_UNREACHABLE_CODE = YES;
				CLANG_WARN__DUPLICATE_METHOD_MATCH = YES;
				COPY_PHASE_STRIP = NO;
				DEBUG_INFORMATION_FORMAT = "dwarf-with-dsym";
				ENABLE_NS_ASSERTIONS = NO;
				ENABLE_STRICT_OBJC_MSGSEND = YES;
				ENABLE_USER_SCRIPT_SANDBOXING = YES;
				GCC_C_LANGUAGE_STANDARD = gnu17;
				GCC_NO_COMMON_BLOCKS = YES;
				GCC_WARN_64_TO_32_BIT_CONVERSION = YES;
				GCC_WARN_ABOUT_RETURN_TYPE = YES_ERROR;
				GCC_WARN_UNDECLARED_SELECTOR = YES;
				GCC_WARN_UNINITIALIZED_AUTOS = YES_AGGRESSIVE;
				GCC_WARN_UNUSED_FUNCTION = YES;
				GCC_WARN_UNUSED_VARIABLE = YES;
				IPHONEOS_DEPLOYMENT_TARGET = 17.4;
				LOCALIZATION_PREFERS_STRING_CATALOGS = YES;
				MTL_ENABLE_DEBUG_INFO = NO;
				MTL_FAST_MATH = YES;
				SDKROOT = iphoneos;
				SWIFT_COMPILATION_MODE = wholemodule;
				VALIDATE_PRODUCT = YES;
			};
			name = Release;
		};
		2E800B452BD82100003A7643 /* Debug */ = {
			isa = XCBuildConfiguration;
			buildSettings = {
				ASSETCATALOG_COMPILER_APPICON_NAME = AppIcon;
				ASSETCATALOG_COMPILER_GLOBAL_ACCENT_COLOR_NAME = AccentColor;
				CODE_SIGN_STYLE = Automatic;
				CURRENT_PROJECT_VERSION = 1;
				DEVELOPMENT_ASSET_PATHS = "\"HexaGone/Preview Content\"";
				ENABLE_PREVIEWS = YES;
				GENERATE_INFOPLIST_FILE = YES;
				INFOPLIST_KEY_UIApplicationSceneManifest_Generation = YES;
				INFOPLIST_KEY_UIApplicationSupportsIndirectInputEvents = YES;
				INFOPLIST_KEY_UILaunchScreen_Generation = YES;
				INFOPLIST_KEY_UISupportedInterfaceOrientations_iPad = "UIInterfaceOrientationPortrait UIInterfaceOrientationPortraitUpsideDown UIInterfaceOrientationLandscapeLeft UIInterfaceOrientationLandscapeRight";
				INFOPLIST_KEY_UISupportedInterfaceOrientations_iPhone = "UIInterfaceOrientationPortrait UIInterfaceOrientationLandscapeLeft UIInterfaceOrientationLandscapeRight";
				LD_RUNPATH_SEARCH_PATHS = (
					"$(inherited)",
					"@executable_path/Frameworks",
				);
				MARKETING_VERSION = 1.0;
				PRODUCT_BUNDLE_IDENTIFIER = student.HexaGone;
				PRODUCT_NAME = "$(TARGET_NAME)";
				SWIFT_EMIT_LOC_STRINGS = YES;
				SWIFT_VERSION = 5.0;
				TARGETED_DEVICE_FAMILY = "1,2";
			};
			name = Debug;
		};
		2E800B462BD82100003A7643 /* Release */ = {
			isa = XCBuildConfiguration;
			buildSettings = {
				ASSETCATALOG_COMPILER_APPICON_NAME = AppIcon;
				ASSETCATALOG_COMPILER_GLOBAL_ACCENT_COLOR_NAME = AccentColor;
				CODE_SIGN_STYLE = Automatic;
				CURRENT_PROJECT_VERSION = 1;
				DEVELOPMENT_ASSET_PATHS = "\"HexaGone/Preview Content\"";
				ENABLE_PREVIEWS = YES;
				GENERATE_INFOPLIST_FILE = YES;
				INFOPLIST_KEY_UIApplicationSceneManifest_Generation = YES;
				INFOPLIST_KEY_UIApplicationSupportsIndirectInputEvents = YES;
				INFOPLIST_KEY_UILaunchScreen_Generation = YES;
				INFOPLIST_KEY_UISupportedInterfaceOrientations_iPad = "UIInterfaceOrientationPortrait UIInterfaceOrientationPortraitUpsideDown UIInterfaceOrientationLandscapeLeft UIInterfaceOrientationLandscapeRight";
				INFOPLIST_KEY_UISupportedInterfaceOrientations_iPhone = "UIInterfaceOrientationPortrait UIInterfaceOrientationLandscapeLeft UIInterfaceOrientationLandscapeRight";
				LD_RUNPATH_SEARCH_PATHS = (
					"$(inherited)",
					"@executable_path/Frameworks",
				);
				MARKETING_VERSION = 1.0;
				PRODUCT_BUNDLE_IDENTIFIER = student.HexaGone;
				PRODUCT_NAME = "$(TARGET_NAME)";
				SWIFT_EMIT_LOC_STRINGS = YES;
				SWIFT_VERSION = 5.0;
				TARGETED_DEVICE_FAMILY = "1,2";
			};
			name = Release;
		};
/* End XCBuildConfiguration section */

/* Begin XCConfigurationList section */
		2E800B312BD820FF003A7643 /* Build configuration list for PBXProject "HexaGone" */ = {
			isa = XCConfigurationList;
			buildConfigurations = (
				2E800B422BD82100003A7643 /* Debug */,
				2E800B432BD82100003A7643 /* Release */,
			);
			defaultConfigurationIsVisible = 0;
			defaultConfigurationName = Release;
		};
		2E800B442BD82100003A7643 /* Build configuration list for PBXNativeTarget "HexaGone" */ = {
			isa = XCConfigurationList;
			buildConfigurations = (
				2E800B452BD82100003A7643 /* Debug */,
				2E800B462BD82100003A7643 /* Release */,
			);
			defaultConfigurationIsVisible = 0;
			defaultConfigurationName = Release;
		};
/* End XCConfigurationList section */
	};
	rootObject = 2E800B2E2BD820FF003A7643 /* Project object */;
}
